<?xml version="1.0" encoding="utf-8"?>
<Project ToolsVersion="4.0" xmlns="http://schemas.microsoft.com/developer/msbuild/2003">
  <ItemGroup>
    <Filter Include="Source Files">
      <UniqueIdentifier>{4FC737F1-C7A5-4376-A066-2A32D752A2FF}</UniqueIdentifier>
      <Extensions>cpp;c;cc;cxx;c++;cppm;ixx;def;odl;idl;hpj;bat;asm;asmx</Extensions>
    </Filter>
    <Filter Include="Header Files">
      <UniqueIdentifier>{93995380-89BD-4b04-88EB-625FBE52EBFB}</UniqueIdentifier>
      <Extensions>h;hh;hpp;hxx;h++;hm;inl;inc;ipp;xsd</Extensions>
    </Filter>
    <Filter Include="Resource Files">
      <UniqueIdentifier>{67DA6AB6-F800-4c08-8B7A-83BB121AAD01}</UniqueIdentifier>
      <Extensions>rc;ico;cur;bmp;dlg;rc2;rct;bin;rgs;gif;jpg;jpeg;jpe;resx;tiff;tif;png;wav;mfcribbon-ms</Extensions>
    </Filter>
    <Filter Include="Source Files\renderer">
      <UniqueIdentifier>{a8e180b7-500b-4950-9d1d-434fb594549f}</UniqueIdentifier>
    </Filter>
    <Filter Include="Source Files\map">
      <UniqueIdentifier>{88279afd-eab5-4434-a4c9-fc863ce390fc}</UniqueIdentifier>
    </Filter>
    <Filter Include="Source Files\object">
      <UniqueIdentifier>{b2ffde18-1d86-49dc-aa8b-d6d4d2ca3761}</UniqueIdentifier>
    </Filter>
    <Filter Include="Resource Files\cfg">
      <UniqueIdentifier>{50095ef3-fa28-4071-9efb-38d10138fc69}</UniqueIdentifier>
    </Filter>
    <Filter Include="Resource Files\tex">
      <UniqueIdentifier>{06579c7d-3474-4cbc-8cd2-f4416ec01b2e}</UniqueIdentifier>
    </Filter>
    <Filter Include="Resource Files\aud">
      <UniqueIdentifier>{3283d55d-ba84-4713-9d7e-b92450018e91}</UniqueIdentifier>
    </Filter>
    <Filter Include="Source Files\iniparser">
      <UniqueIdentifier>{77539532-7031-440d-90ae-adfe4bf469af}</UniqueIdentifier>
    </Filter>
    <Filter Include="Header Files\iniparser">
      <UniqueIdentifier>{4fe95cad-a59d-40ce-81f4-301bb168f3b6}</UniqueIdentifier>
    </Filter>
    <Filter Include="Header Files\windows">
      <UniqueIdentifier>{f3dd2781-442a-4dc6-b4fb-917ed4173872}</UniqueIdentifier>
    </Filter>
    <Filter Include="Resource Files\windows">
      <UniqueIdentifier>{b7eda5ab-712f-4ecc-89ae-c9dc12daa6f6}</UniqueIdentifier>
    </Filter>
  </ItemGroup>
  <ItemGroup>
    <ClInclude Include="..\include\config.h">
      <Filter>Header Files</Filter>
    </ClInclude>
    <ClInclude Include="..\include\input.h">
      <Filter>Header Files</Filter>
    </ClInclude>
    <ClInclude Include="..\include\log.h">
      <Filter>Header Files</Filter>
    </ClInclude>
    <ClInclude Include="..\include\map.h">
      <Filter>Header Files</Filter>
    </ClInclude>
    <ClInclude Include="..\include\map_debug.h">
      <Filter>Header Files</Filter>
    </ClInclude>
    <ClInclude Include="..\include\map_default.h">
      <Filter>Header Files</Filter>
    </ClInclude>
    <ClInclude Include="..\include\map_gen.h">
      <Filter>Header Files</Filter>
    </ClInclude>
    <ClInclude Include="..\include\map_type.h">
      <Filter>Header Files</Filter>
    </ClInclude>
    <ClInclude Include="..\include\object.h">
      <Filter>Header Files</Filter>
    </ClInclude>
    <ClInclude Include="..\include\object_armor.h">
      <Filter>Header Files</Filter>
    </ClInclude>
    <ClInclude Include="..\include\object_arrows.h">
      <Filter>Header Files</Filter>
    </ClInclude>
    <ClInclude Include="..\include\object_bow.h">
      <Filter>Header Files</Filter>
    </ClInclude>
    <ClInclude Include="..\include\object_chest.h">
      <Filter>Header Files</Filter>
    </ClInclude>
    <ClInclude Include="..\include\object_column.h">
      <Filter>Header Files</Filter>
    </ClInclude>
    <ClInclude Include="..\include\object_door.h">
      <Filter>Header Files</Filter>
    </ClInclude>
    <ClInclude Include="..\include\object_health_potion.h">
      <Filter>Header Files</Filter>
    </ClInclude>
    <ClInclude Include="..\include\object_inspecter.h">
      <Filter>Header Files</Filter>
    </ClInclude>
    <ClInclude Include="..\include\object_manager.h">
      <Filter>Header Files</Filter>
    </ClInclude>
    <ClInclude Include="..\include\object_player.h">
      <Filter>Header Files</Filter>
    </ClInclude>
    <ClInclude Include="..\include\object_projectile_arrow.h">
      <Filter>Header Files</Filter>
    </ClInclude>
    <ClInclude Include="..\include\object_slash.h">
      <Filter>Header Files</Filter>
    </ClInclude>
    <ClInclude Include="..\include\object_starter_chest.h">
      <Filter>Header Files</Filter>
    </ClInclude>
    <ClInclude Include="..\include\object_sword.h">
      <Filter>Header Files</Filter>
    </ClInclude>
    <ClInclude Include="..\include\object_ticker.h">
      <Filter>Header Files</Filter>
    </ClInclude>
    <ClInclude Include="..\include\renderer.h">
      <Filter>Header Files</Filter>
    </ClInclude>
    <ClInclude Include="..\include\renderer_dialog.h">
      <Filter>Header Files</Filter>
    </ClInclude>
    <ClInclude Include="..\include\renderer_entity.h">
      <Filter>Header Files</Filter>
    </ClInclude>
    <ClInclude Include="..\include\renderer_util.h">
      <Filter>Header Files</Filter>
    </ClInclude>
    <ClInclude Include="..\include\util.h">
      <Filter>Header Files</Filter>
    </ClInclude>
    <ClInclude Include="..\iniparser\src\dictionary.h">
      <Filter>Header Files\iniparser</Filter>
    </ClInclude>
    <ClInclude Include="..\iniparser\src\iniparser.h">
      <Filter>Header Files\iniparser</Filter>
    </ClInclude>
    <ClInclude Include="unistd.h">
      <Filter>Header Files\windows</Filter>
    </ClInclude>
    <ClInclude Include="libraries.h">
      <Filter>Header Files\windows</Filter>
    </ClInclude>
    <ClInclude Include="resource.h">
      <Filter>Header Files</Filter>
    </ClInclude>
    <ClInclude Include="..\include\object_npc.h">
      <Filter>Header Files</Filter>
    </ClInclude>
    <ClInclude Include="..\include\object_gold.h">
      <Filter>Header Files</Filter>
    </ClInclude>
    <ClInclude Include="..\include\object_loot.h">
      <Filter>Header Files</Filter>
    </ClInclude>
    <ClInclude Include="..\include\object_loot_chest.h">
      <Filter>Header Files</Filter>
    </ClInclude>
    <ClInclude Include="..\include\object_mob.h">
      <Filter>Header Files</Filter>
    </ClInclude>
    <ClInclude Include="..\include\object_stairs.h">
      <Filter>Header Files</Filter>
    </ClInclude>
    <ClInclude Include="..\include\object_zombie.h">
      <Filter>Header Files</Filter>
    </ClInclude>
    <ClInclude Include="..\include\audio.h">
      <Filter>Header Files</Filter>
    </ClInclude>
    <ClInclude Include="..\include\object_goblin.h">
      <Filter>Header Files</Filter>
    </ClInclude>
    <ClInclude Include="..\include\object_projectile.h">
      <Filter>Header Files</Filter>
    </ClInclude>
    <ClInclude Include="..\include\object_statue.h">
      <Filter>Header Files</Filter>
    </ClInclude>
  </ItemGroup>
  <ItemGroup>
    <ClCompile Include="..\src\config.c">
      <Filter>Source Files</Filter>
    </ClCompile>
    <ClCompile Include="..\src\input.c">
      <Filter>Source Files</Filter>
    </ClCompile>
    <ClCompile Include="..\src\log.c">
      <Filter>Source Files</Filter>
    </ClCompile>
    <ClCompile Include="..\src\rlone.c">
      <Filter>Source Files</Filter>
    </ClCompile>
    <ClCompile Include="..\src\map\debug.c">
      <Filter>Source Files\map</Filter>
    </ClCompile>
    <ClCompile Include="..\src\map\default.c">
      <Filter>Source Files\map</Filter>
    </ClCompile>
    <ClCompile Include="..\src\map\gen.c">
      <Filter>Source Files\map</Filter>
    </ClCompile>
    <ClCompile Include="..\src\map\map.c">
      <Filter>Source Files\map</Filter>
    </ClCompile>
    <ClCompile Include="..\src\object\armor.c">
      <Filter>Source Files\object</Filter>
    </ClCompile>
    <ClCompile Include="..\src\object\arrows.c">
      <Filter>Source Files\object</Filter>
    </ClCompile>
    <ClCompile Include="..\src\object\bow.c">
      <Filter>Source Files\object</Filter>
    </ClCompile>
    <ClCompile Include="..\src\object\chest.c">
      <Filter>Source Files\object</Filter>
    </ClCompile>
    <ClCompile Include="..\src\object\column.c">
      <Filter>Source Files\object</Filter>
    </ClCompile>
    <ClCompile Include="..\src\object\door.c">
      <Filter>Source Files\object</Filter>
    </ClCompile>
    <ClCompile Include="..\src\object\health_potion.c">
      <Filter>Source Files\object</Filter>
    </ClCompile>
    <ClCompile Include="..\src\object\inspecter.c">
      <Filter>Source Files\object</Filter>
    </ClCompile>
    <ClCompile Include="..\src\object\manager.c">
      <Filter>Source Files\object</Filter>
    </ClCompile>
    <ClCompile Include="..\src\object\object.c">
      <Filter>Source Files\object</Filter>
    </ClCompile>
    <ClCompile Include="..\src\object\player.c">
      <Filter>Source Files\object</Filter>
    </ClCompile>
    <ClCompile Include="..\src\object\projectile_arrow.c">
      <Filter>Source Files\object</Filter>
    </ClCompile>
    <ClCompile Include="..\src\object\slash.c">
      <Filter>Source Files\object</Filter>
    </ClCompile>
    <ClCompile Include="..\src\object\starter_chest.c">
      <Filter>Source Files\object</Filter>
    </ClCompile>
    <ClCompile Include="..\src\object\sword.c">
      <Filter>Source Files\object</Filter>
    </ClCompile>
    <ClCompile Include="..\src\object\ticker.c">
      <Filter>Source Files\object</Filter>
    </ClCompile>
    <ClCompile Include="..\src\renderer\dialog.c">
      <Filter>Source Files\renderer</Filter>
    </ClCompile>
    <ClCompile Include="..\src\renderer\entity.c">
      <Filter>Source Files\renderer</Filter>
    </ClCompile>
    <ClCompile Include="..\src\renderer\renderer.c">
      <Filter>Source Files\renderer</Filter>
    </ClCompile>
    <ClCompile Include="..\src\renderer\util.c">
      <Filter>Source Files\renderer</Filter>
    </ClCompile>
    <ClCompile Include="..\iniparser\src\dictionary.c">
      <Filter>Source Files\iniparser</Filter>
    </ClCompile>
    <ClCompile Include="..\iniparser\src\iniparser.c">
      <Filter>Source Files\iniparser</Filter>
    </ClCompile>
    <ClCompile Include="..\src\object\npc.c">
      <Filter>Source Files\object</Filter>
    </ClCompile>
    <ClCompile Include="..\src\object\gold.c">
      <Filter>Source Files\object</Filter>
    </ClCompile>
    <ClCompile Include="..\src\object\loot.c">
      <Filter>Source Files\object</Filter>
    </ClCompile>
    <ClCompile Include="..\src\object\loot_chest.c">
      <Filter>Source Files\object</Filter>
    </ClCompile>
    <ClCompile Include="..\src\object\stairs.c">
      <Filter>Source Files\object</Filter>
    </ClCompile>
    <ClCompile Include="..\src\object\zombie.c">
      <Filter>Source Files\object</Filter>
    </ClCompile>
    <ClCompile Include="..\src\object\mob.c">
      <Filter>Source Files\object</Filter>
    </ClCompile>
    <ClCompile Include="..\src\audio.c">
      <Filter>Source Files</Filter>
    </ClCompile>
    <ClCompile Include="..\src\object\goblin.c">
      <Filter>Source Files\object</Filter>
    </ClCompile>
    <ClCompile Include="..\src\object\projectile.c">
      <Filter>Source Files\object</Filter>
    </ClCompile>
    <ClCompile Include="..\src\object\statue.c">
      <Filter>Source Files\object</Filter>
    </ClCompile>
  </ItemGroup>
  <ItemGroup>
    <None Include="..\res\cfg\autorun.ini">
      <Filter>Resource Files\cfg</Filter>
    </None>
    <None Include="..\res\cfg\custom.ini">
      <Filter>Resource Files\cfg</Filter>
    </None>
    <None Include="..\.gitignore" />
    <None Include="..\.gitmodules" />
    <None Include="..\BUILDING" />
    <None Include="..\LICENSE" />
    <None Include="..\README" />
  </ItemGroup>
  <ItemGroup>
    <Image Include="..\res\tex\font.tga">
      <Filter>Resource Files\tex</Filter>
    </Image>
    <Image Include="..\res\tex\fossil_cave.tga">
      <Filter>Resource Files\tex</Filter>
    </Image>
    <Image Include="..\res\tex\icon.tga">
      <Filter>Resource Files\tex</Filter>
    </Image>
    <Image Include="winicon.ico">
      <Filter>Resource Files\windows</Filter>
    </Image>
    <Image Include="icon1.ico">
      <Filter>Resource Files</Filter>
    </Image>
  </ItemGroup>
  <ItemGroup>
    <ResourceCompile Include="rlone.rc">
      <Filter>Resource Files\windows</Filter>
    </ResourceCompile>
  </ItemGroup>
  <ItemGroup>
    <Media Include="..\res\aud\bgm.wav">
      <Filter>Resource Files\aud</Filter>
    </Media>
  </ItemGroup>
</Project>